
Microsoft Visual Studio Solution File, Format Version 12.00
# Visual Studio 15
Project("{FAE04EC0-301F-11D3-BF4B-00C04F79EFBC}") = "Assembly-CSharp", "Assembly-CSharp.csproj", "{E7D25D10-CE6A-47D9-C1CD-66096F90C91F}"
EndProject
Project("{FAE04EC0-301F-11D3-BF4B-00C04F79EFBC}") = "HierarchyIcons", "HierarchyIcons.csproj", "{27D8D418-D6D9-17C2-E6C0-540848B901D0}"
EndProject
Project("{FAE04EC0-301F-11D3-BF4B-00C04F79EFBC}") = "HierarchyIconsEditor", "HierarchyIconsEditor.csproj", "{0665E88A-8C7C-23C1-CCE5-6B65BED08362}"
EndProject
Global
	GlobalSection(SolutionConfigurationPlatforms) = preSolution
		Debug|Any CPU = Debug|Any CPU
		Release|Any CPU = Release|Any CPU
	EndGlobalSection
	GlobalSection(ProjectConfigurationPlatforms) = postSolution
		{E7D25D10-CE6A-47D9-C1CD-66096F90C91F}.Debug|Any CPU.ActiveCfg = Debug|Any CPU
		{E7D25D10-CE6A-47D9-C1CD-66096F90C91F}.Debug|Any CPU.Build.0 = Debug|Any CPU
		{E7D25D10-CE6A-47D9-C1CD-66096F90C91F}.Release|Any CPU.ActiveCfg = Release|Any CPU
		{E7D25D10-CE6A-47D9-C1CD-66096F90C91F}.Release|Any CPU.Build.0 = Release|Any CPU
		{27D8D418-D6D9-17C2-E6C0-540848B901D0}.Debug|Any CPU.ActiveCfg = Debug|Any CPU
		{27D8D418-D6D9-17C2-E6C0-540848B901D0}.Debug|Any CPU.Build.0 = Debug|Any CPU
		{27D8D418-D6D9-17C2-E6C0-540848B901D0}.Release|Any CPU.ActiveCfg = Release|Any CPU
		{27D8D418-D6D9-17C2-E6C0-540848B901D0}.Release|Any CPU.Build.0 = Release|Any CPU
		{0665E88A-8C7C-23C1-CCE5-6B65BED08362}.Debug|Any CPU.ActiveCfg = Debug|Any CPU
		{0665E88A-8C7C-23C1-CCE5-6B65BED08362}.Debug|Any CPU.Build.0 = Debug|Any CPU
		{0665E88A-8C7C-23C1-CCE5-6B65BED08362}.Release|Any CPU.ActiveCfg = Release|Any CPU
		{0665E88A-8C7C-23C1-CCE5-6B65BED08362}.Release|Any CPU.Build.0 = Release|Any CPU
	EndGlobalSection
	GlobalSection(SolutionProperties) = preSolution
		HideSolutionNode = FALSE
	EndGlobalSection
EndGlobal
